{
  "version": "v1",
  "packages": {
    "@semapps/jsonld": {
      "signature": "0a02690b85b00c1cb7e25a16cec50e11"
    },
    "@semapps/inference": {
      "signature": "97b4892beba6e391f8e3a70f07f9d18e"
    },
    "@semapps/auth": {
      "signature": "d44c71eead71b970dfc8c2835b4a8f63"
    },
    "@semapps/webid": {
      "signature": "8ce40e7a74fb1c61a53dc71ad3ac587f"
    },
    "@semapps/ldp": {
      "signature": "cee3ad6a5ca4374008dc9147edc09633"
    },
    "@semapps/middlewares": {
      "signature": "6f19a5233c3d505d3f03a3b82a87c83c"
    }
  }
}