{
  "version": "v1",
  "packages": {
    "@semapps/jsonld": {
      "signature": "dbc8b695ca83bc0293b4860c4594269e"
    },
    "@semapps/inference": {
      "signature": "29535f5650e0a839ae88666cde40fec0"
    },
    "@semapps/auth": {
      "signature": "ffb9d0f42d232698ddabe39a990750f1"
    },
    "@semapps/webid": {
      "signature": "ececef2595d9708d1ab3977272744e78"
    },
    "@semapps/ldp": {
      "signature": "72d7778218f76070440c7c71a632dc13"
    },
    "@semapps/middlewares": {
      "signature": "2bbf42162c838d274dd550af821fb937"
    }
  }
}